
Microsoft Visual Studio Solution File, Format Version 12.00
# Visual Studio Version 17
VisualStudioVersion = 17.1.32319.34
MinimumVisualStudioVersion = 10.0.40219.1
Project("{FAE04EC0-301F-11D3-BF4B-00C04F79EFBC}") = "Lib", "Lib\Lib.csproj", "{93EC1335-532D-4278-A1D0-20178E7E03FF}"
EndProject
Global
	GlobalSection(SolutionConfigurationPlatforms) = preSolution
		Debug|Any CPU = Debug|Any CPU
		Release|Any CPU = Release|Any CPU
	EndGlobalSection
	GlobalSection(ProjectConfigurationPlatforms) = postSolution
		{93EC1335-532D-4278-A1D0-20178E7E03FF}.Debug|Any CPU.ActiveCfg = Debug|Any CPU
		{93EC1335-532D-4278-A1D0-20178E7E03FF}.Debug|Any CPU.Build.0 = Debug|Any CPU
		{93EC1335-532D-4278-A1D0-20178E7E03FF}.Release|Any CPU.ActiveCfg = Release|Any CPU
		{93EC1335-532D-4278-A1D0-20178E7E03FF}.Release|Any CPU.Build.0 = Release|Any CPU
	EndGlobalSection
	GlobalSection(SolutionProperties) = preSolution
		HideSolutionNode = FALSE
	EndGlobalSection
	GlobalSection(ExtensibilityGlobals) = postSolution
		SolutionGuid = {BDF80EEB-23C1-413F-BFB5-4A6F3EC41A47}
	EndGlobalSection
EndGlobal
